PODS:
  - MobileVLCKit (3.1.5)
  - Realm (3.11.0):
    - Realm/Headers (= 3.11.0)
  - Realm/Headers (3.11.0)
  - RealmSwift (3.11.0):
    - Realm (= 3.11.0)
  - RTSPServer (0.0.1)
  - SwiftLint (0.27.0)

DEPENDENCIES:
  - MobileVLCKit (~> 3.1)
  - RealmSwift (~> 3.11.0)
  - RTSPServer (from `Dependencies/RTSPServer.podspec`)
  - SwiftLint (~> 0.27.0)

SPEC REPOS:
  https://github.com/cocoapods/specs.git:
    - MobileVLCKit
    - Realm
    - RealmSwift
    - SwiftLint

EXTERNAL SOURCES:
  RTSPServer:
    :path: Dependencies/RTSPServer.podspec

SPEC CHECKSUMS:
  MobileVLCKit: 4d44e56380d0ee41c76f9ec7015d3a4b62a963a3
  Realm: 92f09a102692b96a9a10e9617f214f15c5ab85fc
  RealmSwift: 5f0481cd658bb751c509314b964a35eaa264d2cf
  RTSPServer: 579316efe2e442031cae3ecfa879a295c545e6d5
  SwiftLint: 3207c1faa2240bf8973b191820a116113cd11073

PODFILE CHECKSUM: 36cbf1c6f1309ce055105265be3b812a3d7c13c0

COCOAPODS: 1.5.3
