// !$*UTF8*$!
{
	archiveVersion = 1;
	classes = {
	};
	objectVersion = 50;
	objects = {

/* Begin PBXBuildFile section */
		4E075C7921634738001CD8EA /* ActivityLogCoordinator.swift in Sources */ = {isa = PBXBuildFile; fileRef = 4E075C7821634738001CD8EA /* ActivityLogCoordinator.swift */; };
		4E075C7B2163480C001CD8EA /* SettingsViewController.swift in Sources */ = {isa = PBXBuildFile; fileRef = 4E075C7A2163480C001CD8EA /* SettingsViewController.swift */; };
		4E075C7D2163488D001CD8EA /* SettingsViewViewModel.swift in Sources */ = {isa = PBXBuildFile; fileRef = 4E075C7C2163488D001CD8EA /* SettingsViewViewModel.swift */; };
		4E075C7F216348A6001CD8EA /* SettingsCoordinator.swift in Sources */ = {isa = PBXBuildFile; fileRef = 4E075C7E216348A6001CD8EA /* SettingsCoordinator.swift */; };
		4E5BEB15215E5EDD0056E5CC /* UIView+AutoLayout.swift in Sources */ = {isa = PBXBuildFile; fileRef = 4E5BEB14215E5EDD0056E5CC /* UIView+AutoLayout.swift */; };
		4E6EA7962161FBA1005575E0 /* Coordinator.swift in Sources */ = {isa = PBXBuildFile; fileRef = 4E6EA7952161FBA1005575E0 /* Coordinator.swift */; };
		4E6EA7982161FEEF005575E0 /* RootCoordinator.swift in Sources */ = {isa = PBXBuildFile; fileRef = 4E6EA7972161FEEF005575E0 /* RootCoordinator.swift */; };
		4E9563182163521900289475 /* DashboardButton.swift in Sources */ = {isa = PBXBuildFile; fileRef = 4E9563172163521900289475 /* DashboardButton.swift */; };
		4E95631B21638D1500289475 /* Localizable.swift in Sources */ = {isa = PBXBuildFile; fileRef = 4E95631A21638D1500289475 /* Localizable.swift */; };
		4E95631E21638E2200289475 /* Localizable.strings in Resources */ = {isa = PBXBuildFile; fileRef = 4E95632021638E2200289475 /* Localizable.strings */; };
		4E994BDA216235B5009C44C5 /* DashboardCoordinator.swift in Sources */ = {isa = PBXBuildFile; fileRef = 4E994BD9216235B5009C44C5 /* DashboardCoordinator.swift */; };
		4E994BDD216237D8009C44C5 /* DashboardViewController.swift in Sources */ = {isa = PBXBuildFile; fileRef = 4E994BDC216237D8009C44C5 /* DashboardViewController.swift */; };
		4E994BE121623821009C44C5 /* DashboardViewViewModel.swift in Sources */ = {isa = PBXBuildFile; fileRef = 4E994BE021623821009C44C5 /* DashboardViewViewModel.swift */; };
		4E994BE421623EE5009C44C5 /* ActivityLogViewController.swift in Sources */ = {isa = PBXBuildFile; fileRef = 4E994BE321623EE5009C44C5 /* ActivityLogViewController.swift */; };
		4E994BE8216240F9009C44C5 /* LullabiesCoordinator.swift in Sources */ = {isa = PBXBuildFile; fileRef = 4E994BE7216240F9009C44C5 /* LullabiesCoordinator.swift */; };
		4E994BEA21624152009C44C5 /* LullabiesViewController.swift in Sources */ = {isa = PBXBuildFile; fileRef = 4E994BE921624152009C44C5 /* LullabiesViewController.swift */; };
		4E994BEC2162416B009C44C5 /* LullabiesViewViewModel.swift in Sources */ = {isa = PBXBuildFile; fileRef = 4E994BEB2162416B009C44C5 /* LullabiesViewViewModel.swift */; };
		4E994BF0216247A9009C44C5 /* ActivityLogViewViewModel.swift in Sources */ = {isa = PBXBuildFile; fileRef = 4E994BEF216247A9009C44C5 /* ActivityLogViewViewModel.swift */; };
		4E994BF221624835009C44C5 /* BaseViewController.swift in Sources */ = {isa = PBXBuildFile; fileRef = 4E994BF121624835009C44C5 /* BaseViewController.swift */; };
		EC82B55A213EA072005CA395 /* AppDelegate.swift in Sources */ = {isa = PBXBuildFile; fileRef = EC82B559213EA072005CA395 /* AppDelegate.swift */; };
		EC82B561213EA074005CA395 /* Assets.xcassets in Resources */ = {isa = PBXBuildFile; fileRef = EC82B560213EA074005CA395 /* Assets.xcassets */; };
		EC82B564213EA074005CA395 /* LaunchScreen.storyboard in Resources */ = {isa = PBXBuildFile; fileRef = EC82B562213EA074005CA395 /* LaunchScreen.storyboard */; };
		EC8389B7213FD7F500F00B83 /* MathTests.swift in Sources */ = {isa = PBXBuildFile; fileRef = EC8389B6213FD7F500F00B83 /* MathTests.swift */; };
		ECB146DF213EA45E00C504FD /* App-Production.xcconfig in Resources */ = {isa = PBXBuildFile; fileRef = ECB146DA213EA45E00C504FD /* App-Production.xcconfig */; };
		ECB146E0213EA45E00C504FD /* App-Development.xcconfig in Resources */ = {isa = PBXBuildFile; fileRef = ECB146DB213EA45E00C504FD /* App-Development.xcconfig */; };
		ECB146E1213EA45E00C504FD /* App-Staging.xcconfig in Resources */ = {isa = PBXBuildFile; fileRef = ECB146DC213EA45E00C504FD /* App-Staging.xcconfig */; };
		ECB146E2213EA45E00C504FD /* App-Common.xcconfig in Resources */ = {isa = PBXBuildFile; fileRef = ECB146DD213EA45E00C504FD /* App-Common.xcconfig */; };
		ECB146E3213EA45E00C504FD /* Test-Common.xcconfig in Resources */ = {isa = PBXBuildFile; fileRef = ECB146DE213EA45E00C504FD /* Test-Common.xcconfig */; };
/* End PBXBuildFile section */

/* Begin PBXContainerItemProxy section */
		EC82B56B213EA074005CA395 /* PBXContainerItemProxy */ = {
			isa = PBXContainerItemProxy;
			containerPortal = EC82B54E213EA072005CA395 /* Project object */;
			proxyType = 1;
			remoteGlobalIDString = EC82B555213EA072005CA395;
			remoteInfo = "Baby Monitor";
		};
/* End PBXContainerItemProxy section */

/* Begin PBXFileReference section */
		4E075C7821634738001CD8EA /* ActivityLogCoordinator.swift */ = {isa = PBXFileReference; lastKnownFileType = sourcecode.swift; path = ActivityLogCoordinator.swift; sourceTree = "<group>"; };
		4E075C7A2163480C001CD8EA /* SettingsViewController.swift */ = {isa = PBXFileReference; lastKnownFileType = sourcecode.swift; path = SettingsViewController.swift; sourceTree = "<group>"; };
		4E075C7C2163488D001CD8EA /* SettingsViewViewModel.swift */ = {isa = PBXFileReference; lastKnownFileType = sourcecode.swift; path = SettingsViewViewModel.swift; sourceTree = "<group>"; };
		4E075C7E216348A6001CD8EA /* SettingsCoordinator.swift */ = {isa = PBXFileReference; lastKnownFileType = sourcecode.swift; path = SettingsCoordinator.swift; sourceTree = "<group>"; };
		4E5BEB14215E5EDD0056E5CC /* UIView+AutoLayout.swift */ = {isa = PBXFileReference; lastKnownFileType = sourcecode.swift; path = "UIView+AutoLayout.swift"; sourceTree = "<group>"; };
		4E6EA7952161FBA1005575E0 /* Coordinator.swift */ = {isa = PBXFileReference; lastKnownFileType = sourcecode.swift; path = Coordinator.swift; sourceTree = "<group>"; };
		4E6EA7972161FEEF005575E0 /* RootCoordinator.swift */ = {isa = PBXFileReference; lastKnownFileType = sourcecode.swift; path = RootCoordinator.swift; sourceTree = "<group>"; };
		4E9563172163521900289475 /* DashboardButton.swift */ = {isa = PBXFileReference; lastKnownFileType = sourcecode.swift; path = DashboardButton.swift; sourceTree = "<group>"; };
		4E95631A21638D1500289475 /* Localizable.swift */ = {isa = PBXFileReference; lastKnownFileType = sourcecode.swift; path = Localizable.swift; sourceTree = "<group>"; };
		4E95631F21638E2200289475 /* en */ = {isa = PBXFileReference; lastKnownFileType = text.plist.strings; name = en; path = en.lproj/Localizable.strings; sourceTree = "<group>"; };
		4E994BD9216235B5009C44C5 /* DashboardCoordinator.swift */ = {isa = PBXFileReference; lastKnownFileType = sourcecode.swift; path = DashboardCoordinator.swift; sourceTree = "<group>"; };
		4E994BDC216237D8009C44C5 /* DashboardViewController.swift */ = {isa = PBXFileReference; lastKnownFileType = sourcecode.swift; path = DashboardViewController.swift; sourceTree = "<group>"; };
		4E994BE021623821009C44C5 /* DashboardViewViewModel.swift */ = {isa = PBXFileReference; lastKnownFileType = sourcecode.swift; path = DashboardViewViewModel.swift; sourceTree = "<group>"; };
		4E994BE321623EE5009C44C5 /* ActivityLogViewController.swift */ = {isa = PBXFileReference; lastKnownFileType = sourcecode.swift; path = ActivityLogViewController.swift; sourceTree = "<group>"; };
		4E994BE7216240F9009C44C5 /* LullabiesCoordinator.swift */ = {isa = PBXFileReference; lastKnownFileType = sourcecode.swift; path = LullabiesCoordinator.swift; sourceTree = "<group>"; };
		4E994BE921624152009C44C5 /* LullabiesViewController.swift */ = {isa = PBXFileReference; lastKnownFileType = sourcecode.swift; path = LullabiesViewController.swift; sourceTree = "<group>"; };
		4E994BEB2162416B009C44C5 /* LullabiesViewViewModel.swift */ = {isa = PBXFileReference; lastKnownFileType = sourcecode.swift; path = LullabiesViewViewModel.swift; sourceTree = "<group>"; };
		4E994BEF216247A9009C44C5 /* ActivityLogViewViewModel.swift */ = {isa = PBXFileReference; lastKnownFileType = sourcecode.swift; path = ActivityLogViewViewModel.swift; sourceTree = "<group>"; };
		4E994BF121624835009C44C5 /* BaseViewController.swift */ = {isa = PBXFileReference; lastKnownFileType = sourcecode.swift; path = BaseViewController.swift; sourceTree = "<group>"; };
		EC82B556213EA072005CA395 /* BabyMonitor.app */ = {isa = PBXFileReference; explicitFileType = wrapper.application; includeInIndex = 0; path = BabyMonitor.app; sourceTree = BUILT_PRODUCTS_DIR; };
		EC82B559213EA072005CA395 /* AppDelegate.swift */ = {isa = PBXFileReference; lastKnownFileType = sourcecode.swift; path = AppDelegate.swift; sourceTree = "<group>"; };
		EC82B560213EA074005CA395 /* Assets.xcassets */ = {isa = PBXFileReference; lastKnownFileType = folder.assetcatalog; path = Assets.xcassets; sourceTree = "<group>"; };
		EC82B563213EA074005CA395 /* Base */ = {isa = PBXFileReference; lastKnownFileType = file.storyboard; name = Base; path = Base.lproj/LaunchScreen.storyboard; sourceTree = "<group>"; };
		EC82B565213EA074005CA395 /* Info.plist */ = {isa = PBXFileReference; lastKnownFileType = text.plist.xml; path = Info.plist; sourceTree = "<group>"; };
		EC82B56A213EA074005CA395 /* Baby Monitor Tests.xctest */ = {isa = PBXFileReference; explicitFileType = wrapper.cfbundle; includeInIndex = 0; path = "Baby Monitor Tests.xctest"; sourceTree = BUILT_PRODUCTS_DIR; };
		EC82B570213EA074005CA395 /* Info.plist */ = {isa = PBXFileReference; lastKnownFileType = text.plist.xml; path = Info.plist; sourceTree = "<group>"; };
		EC8389B6213FD7F500F00B83 /* MathTests.swift */ = {isa = PBXFileReference; lastKnownFileType = sourcecode.swift; path = MathTests.swift; sourceTree = "<group>"; };
		ECB146DA213EA45E00C504FD /* App-Production.xcconfig */ = {isa = PBXFileReference; fileEncoding = 4; lastKnownFileType = text.xcconfig; path = "App-Production.xcconfig"; sourceTree = "<group>"; };
		ECB146DB213EA45E00C504FD /* App-Development.xcconfig */ = {isa = PBXFileReference; fileEncoding = 4; lastKnownFileType = text.xcconfig; path = "App-Development.xcconfig"; sourceTree = "<group>"; };
		ECB146DC213EA45E00C504FD /* App-Staging.xcconfig */ = {isa = PBXFileReference; fileEncoding = 4; lastKnownFileType = text.xcconfig; path = "App-Staging.xcconfig"; sourceTree = "<group>"; };
		ECB146DD213EA45E00C504FD /* App-Common.xcconfig */ = {isa = PBXFileReference; fileEncoding = 4; lastKnownFileType = text.xcconfig; path = "App-Common.xcconfig"; sourceTree = "<group>"; };
		ECB146DE213EA45E00C504FD /* Test-Common.xcconfig */ = {isa = PBXFileReference; fileEncoding = 4; lastKnownFileType = text.xcconfig; path = "Test-Common.xcconfig"; sourceTree = "<group>"; };
/* End PBXFileReference section */

/* Begin PBXFrameworksBuildPhase section */
		EC82B553213EA072005CA395 /* Frameworks */ = {
			isa = PBXFrameworksBuildPhase;
			buildActionMask = 2147483647;
			files = (
			);
			runOnlyForDeploymentPostprocessing = 0;
		};
		EC82B567213EA074005CA395 /* Frameworks */ = {
			isa = PBXFrameworksBuildPhase;
			buildActionMask = 2147483647;
			files = (
			);
			runOnlyForDeploymentPostprocessing = 0;
		};
/* End PBXFrameworksBuildPhase section */

/* Begin PBXGroup section */
		4E5BEB13215E5EC60056E5CC /* Extensions */ = {
			isa = PBXGroup;
			children = (
				4E5BEB14215E5EDD0056E5CC /* UIView+AutoLayout.swift */,
			);
			path = Extensions;
			sourceTree = "<group>";
		};
		4E6EA7932161FB81005575E0 /* Modules */ = {
			isa = PBXGroup;
			children = (
				4E6EA7952161FBA1005575E0 /* Coordinator.swift */,
				4E6EA7972161FEEF005575E0 /* RootCoordinator.swift */,
				4E994BE221623EC3009C44C5 /* ActivityLog */,
				4E994BDB216237CB009C44C5 /* Dashboard */,
				4E994BE5216240CD009C44C5 /* Lullabies */,
				4E994BE6216240DA009C44C5 /* Settings */,
				4E994BF121624835009C44C5 /* BaseViewController.swift */,
			);
			path = Modules;
			sourceTree = "<group>";
		};
		4E956316216351B100289475 /* Custom Views */ = {
			isa = PBXGroup;
			children = (
				4E9563172163521900289475 /* DashboardButton.swift */,
			);
			path = "Custom Views";
			sourceTree = "<group>";
		};
		4E95631921638CE400289475 /* Localizations */ = {
			isa = PBXGroup;
			children = (
				4E95631A21638D1500289475 /* Localizable.swift */,
				4E95632021638E2200289475 /* Localizable.strings */,
			);
			path = Localizations;
			sourceTree = "<group>";
		};
		4E9563212163933A00289475 /* Custom Views */ = {
			isa = PBXGroup;
			children = (
			);
			path = "Custom Views";
			sourceTree = "<group>";
		};
		4E994BDB216237CB009C44C5 /* Dashboard */ = {
			isa = PBXGroup;
			children = (
				4E956316216351B100289475 /* Custom Views */,
				4E994BD9216235B5009C44C5 /* DashboardCoordinator.swift */,
				4E994BDC216237D8009C44C5 /* DashboardViewController.swift */,
				4E994BE021623821009C44C5 /* DashboardViewViewModel.swift */,
			);
			path = Dashboard;
			sourceTree = "<group>";
		};
		4E994BE221623EC3009C44C5 /* ActivityLog */ = {
			isa = PBXGroup;
			children = (
				4E9563212163933A00289475 /* Custom Views */,
				4E994BE321623EE5009C44C5 /* ActivityLogViewController.swift */,
				4E994BEF216247A9009C44C5 /* ActivityLogViewViewModel.swift */,
				4E075C7821634738001CD8EA /* ActivityLogCoordinator.swift */,
			);
			path = ActivityLog;
			sourceTree = "<group>";
		};
		4E994BE5216240CD009C44C5 /* Lullabies */ = {
			isa = PBXGroup;
			children = (
				4E994BE7216240F9009C44C5 /* LullabiesCoordinator.swift */,
				4E994BE921624152009C44C5 /* LullabiesViewController.swift */,
				4E994BEB2162416B009C44C5 /* LullabiesViewViewModel.swift */,
			);
			path = Lullabies;
			sourceTree = "<group>";
		};
		4E994BE6216240DA009C44C5 /* Settings */ = {
			isa = PBXGroup;
			children = (
				4E075C7A2163480C001CD8EA /* SettingsViewController.swift */,
				4E075C7C2163488D001CD8EA /* SettingsViewViewModel.swift */,
				4E075C7E216348A6001CD8EA /* SettingsCoordinator.swift */,
			);
			path = Settings;
			sourceTree = "<group>";
		};
		EC82B54D213EA072005CA395 = {
			isa = PBXGroup;
			children = (
				ECB146D9213EA44C00C504FD /* Configuration */,
				EC82B558213EA072005CA395 /* Baby Monitor */,
				EC82B56D213EA074005CA395 /* Baby MonitorTests */,
				EC82B557213EA072005CA395 /* Products */,
			);
			sourceTree = "<group>";
		};
		EC82B557213EA072005CA395 /* Products */ = {
			isa = PBXGroup;
			children = (
				EC82B556213EA072005CA395 /* BabyMonitor.app */,
				EC82B56A213EA074005CA395 /* Baby Monitor Tests.xctest */,
			);
			name = Products;
			sourceTree = "<group>";
		};
		EC82B558213EA072005CA395 /* Baby Monitor */ = {
			isa = PBXGroup;
			children = (
				4E5BEB13215E5EC60056E5CC /* Extensions */,
				EC82B579213EA0CB005CA395 /* Source Files */,
				EC82B57E213EA142005CA395 /* Resources */,
				EC82B57D213EA137005CA395 /* Interfaces */,
				EC82B57F213EA150005CA395 /* Supporting Files */,
			);
			path = "Baby Monitor";
			sourceTree = "<group>";
		};
		EC82B56D213EA074005CA395 /* Baby MonitorTests */ = {
			isa = PBXGroup;
			children = (
				EC82B580213EA179005CA395 /* Supporting Files */,
				EC8389B6213FD7F500F00B83 /* MathTests.swift */,
			);
			path = "Baby MonitorTests";
			sourceTree = "<group>";
		};
		EC82B579213EA0CB005CA395 /* Source Files */ = {
			isa = PBXGroup;
			children = (
				EC82B559213EA072005CA395 /* AppDelegate.swift */,
				4E6EA7932161FB81005575E0 /* Modules */,
				4E95631921638CE400289475 /* Localizations */,
			);
			path = "Source Files";
			sourceTree = "<group>";
		};
		EC82B57D213EA137005CA395 /* Interfaces */ = {
			isa = PBXGroup;
			children = (
				EC82B562213EA074005CA395 /* LaunchScreen.storyboard */,
			);
			path = Interfaces;
			sourceTree = "<group>";
		};
		EC82B57E213EA142005CA395 /* Resources */ = {
			isa = PBXGroup;
			children = (
				EC82B560213EA074005CA395 /* Assets.xcassets */,
			);
			path = Resources;
			sourceTree = "<group>";
		};
		EC82B57F213EA150005CA395 /* Supporting Files */ = {
			isa = PBXGroup;
			children = (
				EC82B565213EA074005CA395 /* Info.plist */,
			);
			path = "Supporting Files";
			sourceTree = "<group>";
		};
		EC82B580213EA179005CA395 /* Supporting Files */ = {
			isa = PBXGroup;
			children = (
				EC82B570213EA074005CA395 /* Info.plist */,
			);
			path = "Supporting Files";
			sourceTree = "<group>";
		};
		ECB146D9213EA44C00C504FD /* Configuration */ = {
			isa = PBXGroup;
			children = (
				ECB146DD213EA45E00C504FD /* App-Common.xcconfig */,
				ECB146DB213EA45E00C504FD /* App-Development.xcconfig */,
				ECB146DA213EA45E00C504FD /* App-Production.xcconfig */,
				ECB146DC213EA45E00C504FD /* App-Staging.xcconfig */,
				ECB146DE213EA45E00C504FD /* Test-Common.xcconfig */,
			);
			path = Configuration;
			sourceTree = "<group>";
		};
/* End PBXGroup section */

/* Begin PBXNativeTarget section */
		EC82B555213EA072005CA395 /* Baby Monitor */ = {
			isa = PBXNativeTarget;
			buildConfigurationList = EC82B573213EA074005CA395 /* Build configuration list for PBXNativeTarget "Baby Monitor" */;
			buildPhases = (
				EC82B552213EA072005CA395 /* Sources */,
				EC82B553213EA072005CA395 /* Frameworks */,
				EC82B554213EA072005CA395 /* Resources */,
			);
			buildRules = (
			);
			dependencies = (
			);
			name = "Baby Monitor";
			productName = "Baby Monitor";
			productReference = EC82B556213EA072005CA395 /* BabyMonitor.app */;
			productType = "com.apple.product-type.application";
		};
		EC82B569213EA074005CA395 /* Baby MonitorTests */ = {
			isa = PBXNativeTarget;
			buildConfigurationList = EC82B576213EA074005CA395 /* Build configuration list for PBXNativeTarget "Baby MonitorTests" */;
			buildPhases = (
				EC82B566213EA074005CA395 /* Sources */,
				EC82B567213EA074005CA395 /* Frameworks */,
				EC82B568213EA074005CA395 /* Resources */,
			);
			buildRules = (
			);
			dependencies = (
				EC82B56C213EA074005CA395 /* PBXTargetDependency */,
			);
			name = "Baby MonitorTests";
			productName = "Baby MonitorTests";
			productReference = EC82B56A213EA074005CA395 /* Baby Monitor Tests.xctest */;
			productType = "com.apple.product-type.bundle.unit-test";
		};
/* End PBXNativeTarget section */

/* Begin PBXProject section */
		EC82B54E213EA072005CA395 /* Project object */ = {
			isa = PBXProject;
			attributes = {
				LastSwiftUpdateCheck = 0940;
				LastUpgradeCheck = 0940;
				ORGANIZATIONNAME = "";
				TargetAttributes = {
					EC82B555213EA072005CA395 = {
						CreatedOnToolsVersion = 9.4.1;
					};
					EC82B569213EA074005CA395 = {
						CreatedOnToolsVersion = 9.4.1;
						LastSwiftMigration = 0940;
						TestTargetID = EC82B555213EA072005CA395;
					};
				};
			};
			buildConfigurationList = EC82B551213EA072005CA395 /* Build configuration list for PBXProject "Baby Monitor" */;
			compatibilityVersion = "Xcode 9.3";
			developmentRegion = en;
			hasScannedForEncodings = 0;
			knownRegions = (
				en,
				Base,
			);
			mainGroup = EC82B54D213EA072005CA395;
			productRefGroup = EC82B557213EA072005CA395 /* Products */;
			projectDirPath = "";
			projectRoot = "";
			targets = (
				EC82B555213EA072005CA395 /* Baby Monitor */,
				EC82B569213EA074005CA395 /* Baby MonitorTests */,
			);
		};
/* End PBXProject section */

/* Begin PBXResourcesBuildPhase section */
		EC82B554213EA072005CA395 /* Resources */ = {
			isa = PBXResourcesBuildPhase;
			buildActionMask = 2147483647;
			files = (
				ECB146E0213EA45E00C504FD /* App-Development.xcconfig in Resources */,
				EC82B564213EA074005CA395 /* LaunchScreen.storyboard in Resources */,
				ECB146E1213EA45E00C504FD /* App-Staging.xcconfig in Resources */,
				ECB146E2213EA45E00C504FD /* App-Common.xcconfig in Resources */,
				EC82B561213EA074005CA395 /* Assets.xcassets in Resources */,
				4E95631E21638E2200289475 /* Localizable.strings in Resources */,
				ECB146E3213EA45E00C504FD /* Test-Common.xcconfig in Resources */,
				ECB146DF213EA45E00C504FD /* App-Production.xcconfig in Resources */,
			);
			runOnlyForDeploymentPostprocessing = 0;
		};
		EC82B568213EA074005CA395 /* Resources */ = {
			isa = PBXResourcesBuildPhase;
			buildActionMask = 2147483647;
			files = (
			);
			runOnlyForDeploymentPostprocessing = 0;
		};
/* End PBXResourcesBuildPhase section */

/* Begin PBXSourcesBuildPhase section */
		EC82B552213EA072005CA395 /* Sources */ = {
			isa = PBXSourcesBuildPhase;
			buildActionMask = 2147483647;
			files = (
				4E075C7921634738001CD8EA /* ActivityLogCoordinator.swift in Sources */,
				4E994BF221624835009C44C5 /* BaseViewController.swift in Sources */,
				4E994BE421623EE5009C44C5 /* ActivityLogViewController.swift in Sources */,
				EC82B55A213EA072005CA395 /* AppDelegate.swift in Sources */,
				4E994BDD216237D8009C44C5 /* DashboardViewController.swift in Sources */,
				4E994BDA216235B5009C44C5 /* DashboardCoordinator.swift in Sources */,
				4E994BEC2162416B009C44C5 /* LullabiesViewViewModel.swift in Sources */,
				4E6EA7982161FEEF005575E0 /* RootCoordinator.swift in Sources */,
				4E9563182163521900289475 /* DashboardButton.swift in Sources */,
				4E075C7B2163480C001CD8EA /* SettingsViewController.swift in Sources */,
				4E994BE121623821009C44C5 /* DashboardViewViewModel.swift in Sources */,
				4E994BEA21624152009C44C5 /* LullabiesViewController.swift in Sources */,
				4E5BEB15215E5EDD0056E5CC /* UIView+AutoLayout.swift in Sources */,
				4E95631B21638D1500289475 /* Localizable.swift in Sources */,
				4E075C7F216348A6001CD8EA /* SettingsCoordinator.swift in Sources */,
				4E994BE8216240F9009C44C5 /* LullabiesCoordinator.swift in Sources */,
				4E6EA7962161FBA1005575E0 /* Coordinator.swift in Sources */,
				4E075C7D2163488D001CD8EA /* SettingsViewViewModel.swift in Sources */,
				4E994BF0216247A9009C44C5 /* ActivityLogViewViewModel.swift in Sources */,
			);
			runOnlyForDeploymentPostprocessing = 0;
		};
		EC82B566213EA074005CA395 /* Sources */ = {
			isa = PBXSourcesBuildPhase;
			buildActionMask = 2147483647;
			files = (
				EC8389B7213FD7F500F00B83 /* MathTests.swift in Sources */,
			);
			runOnlyForDeploymentPostprocessing = 0;
		};
/* End PBXSourcesBuildPhase section */

/* Begin PBXTargetDependency section */
		EC82B56C213EA074005CA395 /* PBXTargetDependency */ = {
			isa = PBXTargetDependency;
			target = EC82B555213EA072005CA395 /* Baby Monitor */;
			targetProxy = EC82B56B213EA074005CA395 /* PBXContainerItemProxy */;
		};
/* End PBXTargetDependency section */

/* Begin PBXVariantGroup section */
		4E95632021638E2200289475 /* Localizable.strings */ = {
			isa = PBXVariantGroup;
			children = (
				4E95631F21638E2200289475 /* en */,
			);
			name = Localizable.strings;
			sourceTree = "<group>";
		};
		EC82B562213EA074005CA395 /* LaunchScreen.storyboard */ = {
			isa = PBXVariantGroup;
			children = (
				EC82B563213EA074005CA395 /* Base */,
			);
			name = LaunchScreen.storyboard;
			sourceTree = "<group>";
		};
/* End PBXVariantGroup section */

/* Begin XCBuildConfiguration section */
		EC82B571213EA074005CA395 /* Development */ = {
			isa = XCBuildConfiguration;
			baseConfigurationReference = ECB146DD213EA45E00C504FD /* App-Common.xcconfig */;
			buildSettings = {
			};
			name = Development;
		};
		EC82B572213EA074005CA395 /* Production */ = {
			isa = XCBuildConfiguration;
			baseConfigurationReference = ECB146DD213EA45E00C504FD /* App-Common.xcconfig */;
			buildSettings = {
			};
			name = Production;
		};
		EC82B574213EA074005CA395 /* Development */ = {
			isa = XCBuildConfiguration;
			baseConfigurationReference = ECB146DB213EA45E00C504FD /* App-Development.xcconfig */;
			buildSettings = {
			};
			name = Development;
		};
		EC82B575213EA074005CA395 /* Production */ = {
			isa = XCBuildConfiguration;
			baseConfigurationReference = ECB146DA213EA45E00C504FD /* App-Production.xcconfig */;
			buildSettings = {
			};
			name = Production;
		};
		EC82B577213EA074005CA395 /* Development */ = {
			isa = XCBuildConfiguration;
			baseConfigurationReference = ECB146DE213EA45E00C504FD /* Test-Common.xcconfig */;
			buildSettings = {
			};
			name = Development;
		};
		EC82B578213EA074005CA395 /* Production */ = {
			isa = XCBuildConfiguration;
			baseConfigurationReference = ECB146DE213EA45E00C504FD /* Test-Common.xcconfig */;
			buildSettings = {
			};
			name = Production;
		};
		EC82B583213EA3E5005CA395 /* Staging */ = {
			isa = XCBuildConfiguration;
			baseConfigurationReference = ECB146DD213EA45E00C504FD /* App-Common.xcconfig */;
			buildSettings = {
			};
			name = Staging;
		};
		EC82B584213EA3E5005CA395 /* Staging */ = {
			isa = XCBuildConfiguration;
			baseConfigurationReference = ECB146DC213EA45E00C504FD /* App-Staging.xcconfig */;
			buildSettings = {
			};
			name = Staging;
		};
		EC82B585213EA3E5005CA395 /* Staging */ = {
			isa = XCBuildConfiguration;
			baseConfigurationReference = ECB146DE213EA45E00C504FD /* Test-Common.xcconfig */;
			buildSettings = {
			};
			name = Staging;
		};
/* End XCBuildConfiguration section */

/* Begin XCConfigurationList section */
		EC82B551213EA072005CA395 /* Build configuration list for PBXProject "Baby Monitor" */ = {
			isa = XCConfigurationList;
			buildConfigurations = (
				EC82B571213EA074005CA395 /* Development */,
				EC82B583213EA3E5005CA395 /* Staging */,
				EC82B572213EA074005CA395 /* Production */,
			);
			defaultConfigurationIsVisible = 0;
			defaultConfigurationName = Development;
		};
		EC82B573213EA074005CA395 /* Build configuration list for PBXNativeTarget "Baby Monitor" */ = {
			isa = XCConfigurationList;
			buildConfigurations = (
				EC82B574213EA074005CA395 /* Development */,
				EC82B584213EA3E5005CA395 /* Staging */,
				EC82B575213EA074005CA395 /* Production */,
			);
			defaultConfigurationIsVisible = 0;
			defaultConfigurationName = Development;
		};
		EC82B576213EA074005CA395 /* Build configuration list for PBXNativeTarget "Baby MonitorTests" */ = {
			isa = XCConfigurationList;
			buildConfigurations = (
				EC82B577213EA074005CA395 /* Development */,
				EC82B585213EA3E5005CA395 /* Staging */,
				EC82B578213EA074005CA395 /* Production */,
			);
			defaultConfigurationIsVisible = 0;
			defaultConfigurationName = Development;
		};
/* End XCConfigurationList section */
	};
	rootObject = EC82B54E213EA072005CA395 /* Project object */;
}
